
Microsoft Visual Studio Solution File, Format Version 12.00
# Visual Studio Version 17
VisualStudioVersion = 17.9.34728.123
MinimumVisualStudioVersion = 10.0.40219.1
Project("{9A19103F-16F7-4668-BE54-9A1E7A4F7556}") = "DsAlgo", "DsAlgo\DsAlgo.csproj", "{4CB0F7C3-81A9-46E5-8A3C-DA0A9F889126}"
EndProject
Project("{9A19103F-16F7-4668-BE54-9A1E7A4F7556}") = "LearningArray", "LearningArray\LearningArray.csproj", "{D2150FC6-E8D7-4D5D-8023-56E19770C6DD}"
EndProject
Project("{9A19103F-16F7-4668-BE54-9A1E7A4F7556}") = "BinaryToDecimal", "BinaryToDecimal\BinaryToDecimal.csproj", "{04A3D48A-7140-4EAE-A941-299079F4B9B7}"
EndProject
Project("{9A19103F-16F7-4668-BE54-9A1E7A4F7556}") = "PrimeFactorization", "PrimeFactorization\PrimeFactorization.csproj", "{6A67664B-7B10-4316-B5F3-5D80B384D391}"
EndProject
Project("{9A19103F-16F7-4668-BE54-9A1E7A4F7556}") = "GCDUsingEuclid", "GCDUsingEuclid\GCDUsingEuclid.csproj", "{1302C5BD-C0E6-40C5-BF2C-5B5A75649717}"
EndProject
Project("{FAE04EC0-301F-11D3-BF4B-00C04F79EFBC}") = "SelectionSort", "SelectionSort\SelectionSort.csproj", "{FA8CE888-88CC-4EC1-8C46-B0172D0A502E}"
EndProject
Global
	GlobalSection(SolutionConfigurationPlatforms) = preSolution
		Debug|Any CPU = Debug|Any CPU
		Release|Any CPU = Release|Any CPU
	EndGlobalSection
	GlobalSection(ProjectConfigurationPlatforms) = postSolution
		{4CB0F7C3-81A9-46E5-8A3C-DA0A9F889126}.Debug|Any CPU.ActiveCfg = Debug|Any CPU
		{4CB0F7C3-81A9-46E5-8A3C-DA0A9F889126}.Debug|Any CPU.Build.0 = Debug|Any CPU
		{4CB0F7C3-81A9-46E5-8A3C-DA0A9F889126}.Release|Any CPU.ActiveCfg = Release|Any CPU
		{4CB0F7C3-81A9-46E5-8A3C-DA0A9F889126}.Release|Any CPU.Build.0 = Release|Any CPU
		{D2150FC6-E8D7-4D5D-8023-56E19770C6DD}.Debug|Any CPU.ActiveCfg = Debug|Any CPU
		{D2150FC6-E8D7-4D5D-8023-56E19770C6DD}.Debug|Any CPU.Build.0 = Debug|Any CPU
		{D2150FC6-E8D7-4D5D-8023-56E19770C6DD}.Release|Any CPU.ActiveCfg = Release|Any CPU
		{D2150FC6-E8D7-4D5D-8023-56E19770C6DD}.Release|Any CPU.Build.0 = Release|Any CPU
		{04A3D48A-7140-4EAE-A941-299079F4B9B7}.Debug|Any CPU.ActiveCfg = Debug|Any CPU
		{04A3D48A-7140-4EAE-A941-299079F4B9B7}.Debug|Any CPU.Build.0 = Debug|Any CPU
		{04A3D48A-7140-4EAE-A941-299079F4B9B7}.Release|Any CPU.ActiveCfg = Release|Any CPU
		{04A3D48A-7140-4EAE-A941-299079F4B9B7}.Release|Any CPU.Build.0 = Release|Any CPU
		{6A67664B-7B10-4316-B5F3-5D80B384D391}.Debug|Any CPU.ActiveCfg = Debug|Any CPU
		{6A67664B-7B10-4316-B5F3-5D80B384D391}.Debug|Any CPU.Build.0 = Debug|Any CPU
		{6A67664B-7B10-4316-B5F3-5D80B384D391}.Release|Any CPU.ActiveCfg = Release|Any CPU
		{6A67664B-7B10-4316-B5F3-5D80B384D391}.Release|Any CPU.Build.0 = Release|Any CPU
		{1302C5BD-C0E6-40C5-BF2C-5B5A75649717}.Debug|Any CPU.ActiveCfg = Debug|Any CPU
		{1302C5BD-C0E6-40C5-BF2C-5B5A75649717}.Debug|Any CPU.Build.0 = Debug|Any CPU
		{1302C5BD-C0E6-40C5-BF2C-5B5A75649717}.Release|Any CPU.ActiveCfg = Release|Any CPU
		{1302C5BD-C0E6-40C5-BF2C-5B5A75649717}.Release|Any CPU.Build.0 = Release|Any CPU
		{FA8CE888-88CC-4EC1-8C46-B0172D0A502E}.Debug|Any CPU.ActiveCfg = Debug|Any CPU
		{FA8CE888-88CC-4EC1-8C46-B0172D0A502E}.Debug|Any CPU.Build.0 = Debug|Any CPU
		{FA8CE888-88CC-4EC1-8C46-B0172D0A502E}.Release|Any CPU.ActiveCfg = Release|Any CPU
		{FA8CE888-88CC-4EC1-8C46-B0172D0A502E}.Release|Any CPU.Build.0 = Release|Any CPU
	EndGlobalSection
	GlobalSection(SolutionProperties) = preSolution
		HideSolutionNode = FALSE
	EndGlobalSection
	GlobalSection(ExtensibilityGlobals) = postSolution
		SolutionGuid = {D052A796-660E-4957-A183-D0EDC001D160}
	EndGlobalSection
EndGlobal
